
Microsoft Visual Studio Solution File, Format Version 12.00
# Visual Studio Version 16
VisualStudioVersion = 16.0.31729.503
MinimumVisualStudioVersion = 10.0.40219.1
Project("{FAE04EC0-301F-11D3-BF4B-00C04F79EFBC}") = "UseCmd", "UseCmd\UseCmd.csproj", "{A03DA5B7-D8D9-41D0-9AD6-D6C49BE87842}"
EndProject
Project("{FAE04EC0-301F-11D3-BF4B-00C04F79EFBC}") = "GetProcess", "GetProcess\GetProcess.csproj", "{416452B3-FAE1-4D43-8EE4-EB3C8DE7960F}"
EndProject
Global
	GlobalSection(SolutionConfigurationPlatforms) = preSolution
		Debug|Any CPU = Debug|Any CPU
		Release|Any CPU = Release|Any CPU
	EndGlobalSection
	GlobalSection(ProjectConfigurationPlatforms) = postSolution
		{A03DA5B7-D8D9-41D0-9AD6-D6C49BE87842}.Debug|Any CPU.ActiveCfg = Debug|Any CPU
		{A03DA5B7-D8D9-41D0-9AD6-D6C49BE87842}.Debug|Any CPU.Build.0 = Debug|Any CPU
		{A03DA5B7-D8D9-41D0-9AD6-D6C49BE87842}.Release|Any CPU.ActiveCfg = Release|Any CPU
		{A03DA5B7-D8D9-41D0-9AD6-D6C49BE87842}.Release|Any CPU.Build.0 = Release|Any CPU
		{416452B3-FAE1-4D43-8EE4-EB3C8DE7960F}.Debug|Any CPU.ActiveCfg = Debug|Any CPU
		{416452B3-FAE1-4D43-8EE4-EB3C8DE7960F}.Debug|Any CPU.Build.0 = Debug|Any CPU
		{416452B3-FAE1-4D43-8EE4-EB3C8DE7960F}.Release|Any CPU.ActiveCfg = Release|Any CPU
		{416452B3-FAE1-4D43-8EE4-EB3C8DE7960F}.Release|Any CPU.Build.0 = Release|Any CPU
	EndGlobalSection
	GlobalSection(SolutionProperties) = preSolution
		HideSolutionNode = FALSE
	EndGlobalSection
	GlobalSection(ExtensibilityGlobals) = postSolution
		SolutionGuid = {B79AE2F5-F403-4497-9F2E-B40AAE9E9BD5}
	EndGlobalSection
EndGlobal
