
Microsoft Visual Studio Solution File, Format Version 12.00
# Visual Studio Version 16
VisualStudioVersion = 16.0.31229.75
MinimumVisualStudioVersion = 10.0.40219.1
Project("{9A19103F-16F7-4668-BE54-9A1E7A4F7556}") = "ch7_1_Generic", "Generic\ch7_1_Generic.csproj", "{91818538-A0E9-4B53-A3D2-AF8C9FE034CC}"
EndProject
Project("{FAE04EC0-301F-11D3-BF4B-00C04F79EFBC}") = "ch7_2_Interface", "ch7_2_Interface\ch7_2_Interface.csproj", "{9A6D307D-D717-4EA0-8304-2227676D86AF}"
EndProject
Global
	GlobalSection(SolutionConfigurationPlatforms) = preSolution
		Debug|Any CPU = Debug|Any CPU
		Release|Any CPU = Release|Any CPU
	EndGlobalSection
	GlobalSection(ProjectConfigurationPlatforms) = postSolution
		{91818538-A0E9-4B53-A3D2-AF8C9FE034CC}.Debug|Any CPU.ActiveCfg = Debug|Any CPU
		{91818538-A0E9-4B53-A3D2-AF8C9FE034CC}.Debug|Any CPU.Build.0 = Debug|Any CPU
		{91818538-A0E9-4B53-A3D2-AF8C9FE034CC}.Release|Any CPU.ActiveCfg = Release|Any CPU
		{91818538-A0E9-4B53-A3D2-AF8C9FE034CC}.Release|Any CPU.Build.0 = Release|Any CPU
		{9A6D307D-D717-4EA0-8304-2227676D86AF}.Debug|Any CPU.ActiveCfg = Debug|Any CPU
		{9A6D307D-D717-4EA0-8304-2227676D86AF}.Debug|Any CPU.Build.0 = Debug|Any CPU
		{9A6D307D-D717-4EA0-8304-2227676D86AF}.Release|Any CPU.ActiveCfg = Release|Any CPU
		{9A6D307D-D717-4EA0-8304-2227676D86AF}.Release|Any CPU.Build.0 = Release|Any CPU
	EndGlobalSection
	GlobalSection(SolutionProperties) = preSolution
		HideSolutionNode = FALSE
	EndGlobalSection
	GlobalSection(ExtensibilityGlobals) = postSolution
		SolutionGuid = {336A626C-03EF-4460-8D43-8B2074D7B06F}
	EndGlobalSection
EndGlobal
